
Microsoft Visual Studio Solution File, Format Version 12.00
# Visual Studio Version 17
VisualStudioVersion = 17.3.32929.385
MinimumVisualStudioVersion = 10.0.40219.1
Project("{FAE04EC0-301F-11D3-BF4B-00C04F79EFBC}") = "Lab25", "Lab25.csproj", "{9BD6A5F3-1E00-46C4-93D5-49A4B8007549}"
EndProject
Global
	GlobalSection(SolutionConfigurationPlatforms) = preSolution
		Debug|Any CPU = Debug|Any CPU
		Release|Any CPU = Release|Any CPU
	EndGlobalSection
	GlobalSection(ProjectConfigurationPlatforms) = postSolution
		{9BD6A5F3-1E00-46C4-93D5-49A4B8007549}.Debug|Any CPU.ActiveCfg = Debug|Any CPU
		{9BD6A5F3-1E00-46C4-93D5-49A4B8007549}.Debug|Any CPU.Build.0 = Debug|Any CPU
		{9BD6A5F3-1E00-46C4-93D5-49A4B8007549}.Release|Any CPU.ActiveCfg = Release|Any CPU
		{9BD6A5F3-1E00-46C4-93D5-49A4B8007549}.Release|Any CPU.Build.0 = Release|Any CPU
	EndGlobalSection
	GlobalSection(SolutionProperties) = preSolution
		HideSolutionNode = FALSE
	EndGlobalSection
	GlobalSection(ExtensibilityGlobals) = postSolution
		SolutionGuid = {5AF6EBE0-0765-4BCA-B6CB-19CEAE33F544}
	EndGlobalSection
EndGlobal
